// !$*UTF8*$!
{
	archiveVersion = 1;
	classes = {
	};
	objectVersion = 46;
	objects = {

/* Begin PBXBuildFile section */
		81E9B9041568296B0000D10C /* UIKit.framework in Frameworks */ = {isa = PBXBuildFile; fileRef = 81E9B9031568296B0000D10C /* UIKit.framework */; };
		81E9B9061568296B0000D10C /* Foundation.framework in Frameworks */ = {isa = PBXBuildFile; fileRef = 81E9B9051568296B0000D10C /* Foundation.framework */; };
		81E9B9081568296B0000D10C /* CoreGraphics.framework in Frameworks */ = {isa = PBXBuildFile; fileRef = 81E9B9071568296B0000D10C /* CoreGraphics.framework */; };
		81E9B90E1568296B0000D10C /* InfoPlist.strings in Resources */ = {isa = PBXBuildFile; fileRef = 81E9B90C1568296B0000D10C /* InfoPlist.strings */; };
		81E9B9101568296B0000D10C /* main.m in Sources */ = {isa = PBXBuildFile; fileRef = 81E9B90F1568296B0000D10C /* main.m */; };
		81E9B9141568296B0000D10C /* AppDelegate.m in Sources */ = {isa = PBXBuildFile; fileRef = 81E9B9131568296B0000D10C /* AppDelegate.m */; };
		81E9B9171568296B0000D10C /* ViewController.m in Sources */ = {isa = PBXBuildFile; fileRef = 81E9B9161568296B0000D10C /* ViewController.m */; };
		81E9B91A1568296B0000D10C /* ViewController.xib in Resources */ = {isa = PBXBuildFile; fileRef = 81E9B9181568296B0000D10C /* ViewController.xib */; };
		81E9B922156830F70000D10C /* bookshelf.jpg in Resources */ = {isa = PBXBuildFile; fileRef = 81E9B921156830F70000D10C /* bookshelf.jpg */; };
		81E9B924156831890000D10C /* fbIcon.png in Resources */ = {isa = PBXBuildFile; fileRef = 81E9B923156831890000D10C /* fbIcon.png */; };
		81E9B948156834670000D10C /* Facebook.m in Sources */ = {isa = PBXBuildFile; fileRef = 81E9B92C156834670000D10C /* Facebook.m */; };
		81E9B949156834670000D10C /* FBConnect.bundle in Resources */ = {isa = PBXBuildFile; fileRef = 81E9B92D156834670000D10C /* FBConnect.bundle */; };
		81E9B94A156834670000D10C /* FBDialog+ShowInView.m in Sources */ = {isa = PBXBuildFile; fileRef = 81E9B930156834670000D10C /* FBDialog+ShowInView.m */; };
		81E9B94B156834670000D10C /* FBDialog.bundle in Resources */ = {isa = PBXBuildFile; fileRef = 81E9B931156834670000D10C /* FBDialog.bundle */; };
		81E9B94C156834670000D10C /* FBDialog.m in Sources */ = {isa = PBXBuildFile; fileRef = 81E9B933156834670000D10C /* FBDialog.m */; };
		81E9B94D156834670000D10C /* FBFrictionlessRequestSettings.m in Sources */ = {isa = PBXBuildFile; fileRef = 81E9B935156834670000D10C /* FBFrictionlessRequestSettings.m */; };
		81E9B94E156834670000D10C /* FBLoginDialog.m in Sources */ = {isa = PBXBuildFile; fileRef = 81E9B937156834670000D10C /* FBLoginDialog.m */; };
		81E9B94F156834670000D10C /* FBRequest.m in Sources */ = {isa = PBXBuildFile; fileRef = 81E9B939156834670000D10C /* FBRequest.m */; };
		81E9B950156834670000D10C /* NSObject+SBJSON.m in Sources */ = {isa = PBXBuildFile; fileRef = 81E9B93D156834670000D10C /* NSObject+SBJSON.m */; };
		81E9B951156834670000D10C /* NSString+SBJSON.m in Sources */ = {isa = PBXBuildFile; fileRef = 81E9B93F156834670000D10C /* NSString+SBJSON.m */; };
		81E9B952156834670000D10C /* SBJSON.m in Sources */ = {isa = PBXBuildFile; fileRef = 81E9B941156834670000D10C /* SBJSON.m */; };
		81E9B953156834670000D10C /* SBJsonBase.m in Sources */ = {isa = PBXBuildFile; fileRef = 81E9B943156834670000D10C /* SBJsonBase.m */; };
		81E9B954156834670000D10C /* SBJsonParser.m in Sources */ = {isa = PBXBuildFile; fileRef = 81E9B945156834670000D10C /* SBJsonParser.m */; };
		81E9B955156834670000D10C /* SBJsonWriter.m in Sources */ = {isa = PBXBuildFile; fileRef = 81E9B947156834670000D10C /* SBJsonWriter.m */; };
		81E9B958156835320000D10C /* FacebookManager.m in Sources */ = {isa = PBXBuildFile; fileRef = 81E9B957156835320000D10C /* FacebookManager.m */; };
/* End PBXBuildFile section */

/* Begin PBXFileReference section */
		81E9B8FF1568296B0000D10C /* GotBooks.app */ = {isa = PBXFileReference; explicitFileType = wrapper.application; includeInIndex = 0; path = GotBooks.app; sourceTree = BUILT_PRODUCTS_DIR; };
		81E9B9031568296B0000D10C /* UIKit.framework */ = {isa = PBXFileReference; lastKnownFileType = wrapper.framework; name = UIKit.framework; path = System/Library/Frameworks/UIKit.framework; sourceTree = SDKROOT; };
		81E9B9051568296B0000D10C /* Foundation.framework */ = {isa = PBXFileReference; lastKnownFileType = wrapper.framework; name = Foundation.framework; path = System/Library/Frameworks/Foundation.framework; sourceTree = SDKROOT; };
		81E9B9071568296B0000D10C /* CoreGraphics.framework */ = {isa = PBXFileReference; lastKnownFileType = wrapper.framework; name = CoreGraphics.framework; path = System/Library/Frameworks/CoreGraphics.framework; sourceTree = SDKROOT; };
		81E9B90B1568296B0000D10C /* GotBooks-Info.plist */ = {isa = PBXFileReference; lastKnownFileType = text.plist.xml; path = "GotBooks-Info.plist"; sourceTree = "<group>"; };
		81E9B90D1568296B0000D10C /* en */ = {isa = PBXFileReference; lastKnownFileType = text.plist.strings; name = en; path = en.lproj/InfoPlist.strings; sourceTree = "<group>"; };
		81E9B90F1568296B0000D10C /* main.m */ = {isa = PBXFileReference; lastKnownFileType = sourcecode.c.objc; path = main.m; sourceTree = "<group>"; };
		81E9B9111568296B0000D10C /* GotBooks-Prefix.pch */ = {isa = PBXFileReference; lastKnownFileType = sourcecode.c.h; path = "GotBooks-Prefix.pch"; sourceTree = "<group>"; };
		81E9B9121568296B0000D10C /* AppDelegate.h */ = {isa = PBXFileReference; lastKnownFileType = sourcecode.c.h; path = AppDelegate.h; sourceTree = "<group>"; };
		81E9B9131568296B0000D10C /* AppDelegate.m */ = {isa = PBXFileReference; lastKnownFileType = sourcecode.c.objc; path = AppDelegate.m; sourceTree = "<group>"; };
		81E9B9151568296B0000D10C /* ViewController.h */ = {isa = PBXFileReference; lastKnownFileType = sourcecode.c.h; path = ViewController.h; sourceTree = "<group>"; };
		81E9B9161568296B0000D10C /* ViewController.m */ = {isa = PBXFileReference; lastKnownFileType = sourcecode.c.objc; path = ViewController.m; sourceTree = "<group>"; };
		81E9B9191568296B0000D10C /* en */ = {isa = PBXFileReference; lastKnownFileType = file.xib; name = en; path = en.lproj/ViewController.xib; sourceTree = "<group>"; };
		81E9B921156830F70000D10C /* bookshelf.jpg */ = {isa = PBXFileReference; lastKnownFileType = image.jpeg; path = bookshelf.jpg; sourceTree = "<group>"; };
		81E9B923156831890000D10C /* fbIcon.png */ = {isa = PBXFileReference; lastKnownFileType = image.png; path = fbIcon.png; sourceTree = "<group>"; };
		81E9B92B156834670000D10C /* Facebook.h */ = {isa = PBXFileReference; fileEncoding = 4; lastKnownFileType = sourcecode.c.h; path = Facebook.h; sourceTree = "<group>"; };
		81E9B92C156834670000D10C /* Facebook.m */ = {isa = PBXFileReference; fileEncoding = 4; lastKnownFileType = sourcecode.c.objc; path = Facebook.m; sourceTree = "<group>"; };
		81E9B92D156834670000D10C /* FBConnect.bundle */ = {isa = PBXFileReference; lastKnownFileType = "wrapper.plug-in"; path = FBConnect.bundle; sourceTree = "<group>"; };
		81E9B92E156834670000D10C /* FBConnect.h */ = {isa = PBXFileReference; fileEncoding = 4; lastKnownFileType = sourcecode.c.h; path = FBConnect.h; sourceTree = "<group>"; };
		81E9B92F156834670000D10C /* FBDialog+ShowInView.h */ = {isa = PBXFileReference; fileEncoding = 4; lastKnownFileType = sourcecode.c.h; path = "FBDialog+ShowInView.h"; sourceTree = "<group>"; };
		81E9B930156834670000D10C /* FBDialog+ShowInView.m */ = {isa = PBXFileReference; fileEncoding = 4; lastKnownFileType = sourcecode.c.objc; path = "FBDialog+ShowInView.m"; sourceTree = "<group>"; };
		81E9B931156834670000D10C /* FBDialog.bundle */ = {isa = PBXFileReference; lastKnownFileType = "wrapper.plug-in"; path = FBDialog.bundle; sourceTree = "<group>"; };
		81E9B932156834670000D10C /* FBDialog.h */ = {isa = PBXFileReference; fileEncoding = 4; lastKnownFileType = sourcecode.c.h; path = FBDialog.h; sourceTree = "<group>"; };
		81E9B933156834670000D10C /* FBDialog.m */ = {isa = PBXFileReference; fileEncoding = 4; lastKnownFileType = sourcecode.c.objc; path = FBDialog.m; sourceTree = "<group>"; };
		81E9B934156834670000D10C /* FBFrictionlessRequestSettings.h */ = {isa = PBXFileReference; fileEncoding = 4; lastKnownFileType = sourcecode.c.h; path = FBFrictionlessRequestSettings.h; sourceTree = "<group>"; };
		81E9B935156834670000D10C /* FBFrictionlessRequestSettings.m */ = {isa = PBXFileReference; fileEncoding = 4; lastKnownFileType = sourcecode.c.objc; path = FBFrictionlessRequestSettings.m; sourceTree = "<group>"; };
		81E9B936156834670000D10C /* FBLoginDialog.h */ = {isa = PBXFileReference; fileEncoding = 4; lastKnownFileType = sourcecode.c.h; path = FBLoginDialog.h; sourceTree = "<group>"; };
		81E9B937156834670000D10C /* FBLoginDialog.m */ = {isa = PBXFileReference; fileEncoding = 4; lastKnownFileType = sourcecode.c.objc; path = FBLoginDialog.m; sourceTree = "<group>"; };
		81E9B938156834670000D10C /* FBRequest.h */ = {isa = PBXFileReference; fileEncoding = 4; lastKnownFileType = sourcecode.c.h; path = FBRequest.h; sourceTree = "<group>"; };
		81E9B939156834670000D10C /* FBRequest.m */ = {isa = PBXFileReference; fileEncoding = 4; lastKnownFileType = sourcecode.c.objc; path = FBRequest.m; sourceTree = "<group>"; };
		81E9B93B156834670000D10C /* JSON.h */ = {isa = PBXFileReference; fileEncoding = 4; lastKnownFileType = sourcecode.c.h; path = JSON.h; sourceTree = "<group>"; };
		81E9B93C156834670000D10C /* NSObject+SBJSON.h */ = {isa = PBXFileReference; fileEncoding = 4; lastKnownFileType = sourcecode.c.h; path = "NSObject+SBJSON.h"; sourceTree = "<group>"; };
		81E9B93D156834670000D10C /* NSObject+SBJSON.m */ = {isa = PBXFileReference; fileEncoding = 4; lastKnownFileType = sourcecode.c.objc; path = "NSObject+SBJSON.m"; sourceTree = "<group>"; };
		81E9B93E156834670000D10C /* NSString+SBJSON.h */ = {isa = PBXFileReference; fileEncoding = 4; lastKnownFileType = sourcecode.c.h; path = "NSString+SBJSON.h"; sourceTree = "<group>"; };
		81E9B93F156834670000D10C /* NSString+SBJSON.m */ = {isa = PBXFileReference; fileEncoding = 4; lastKnownFileType = sourcecode.c.objc; path = "NSString+SBJSON.m"; sourceTree = "<group>"; };
		81E9B940156834670000D10C /* SBJSON.h */ = {isa = PBXFileReference; fileEncoding = 4; lastKnownFileType = sourcecode.c.h; path = SBJSON.h; sourceTree = "<group>"; };
		81E9B941156834670000D10C /* SBJSON.m */ = {isa = PBXFileReference; fileEncoding = 4; lastKnownFileType = sourcecode.c.objc; path = SBJSON.m; sourceTree = "<group>"; };
		81E9B942156834670000D10C /* SBJsonBase.h */ = {isa = PBXFileReference; fileEncoding = 4; lastKnownFileType = sourcecode.c.h; path = SBJsonBase.h; sourceTree = "<group>"; };
		81E9B943156834670000D10C /* SBJsonBase.m */ = {isa = PBXFileReference; fileEncoding = 4; lastKnownFileType = sourcecode.c.objc; path = SBJsonBase.m; sourceTree = "<group>"; };
		81E9B944156834670000D10C /* SBJsonParser.h */ = {isa = PBXFileReference; fileEncoding = 4; lastKnownFileType = sourcecode.c.h; path = SBJsonParser.h; sourceTree = "<group>"; };
		81E9B945156834670000D10C /* SBJsonParser.m */ = {isa = PBXFileReference; fileEncoding = 4; lastKnownFileType = sourcecode.c.objc; path = SBJsonParser.m; sourceTree = "<group>"; };
		81E9B946156834670000D10C /* SBJsonWriter.h */ = {isa = PBXFileReference; fileEncoding = 4; lastKnownFileType = sourcecode.c.h; path = SBJsonWriter.h; sourceTree = "<group>"; };
		81E9B947156834670000D10C /* SBJsonWriter.m */ = {isa = PBXFileReference; fileEncoding = 4; lastKnownFileType = sourcecode.c.objc; path = SBJsonWriter.m; sourceTree = "<group>"; };
		81E9B956156835320000D10C /* FacebookManager.h */ = {isa = PBXFileReference; fileEncoding = 4; lastKnownFileType = sourcecode.c.h; path = FacebookManager.h; sourceTree = "<group>"; };
		81E9B957156835320000D10C /* FacebookManager.m */ = {isa = PBXFileReference; fileEncoding = 4; lastKnownFileType = sourcecode.c.objc; path = FacebookManager.m; sourceTree = "<group>"; };
/* End PBXFileReference section */

/* Begin PBXFrameworksBuildPhase section */
		81E9B8FC1568296B0000D10C /* Frameworks */ = {
			isa = PBXFrameworksBuildPhase;
			buildActionMask = 2147483647;
			files = (
				81E9B9041568296B0000D10C /* UIKit.framework in Frameworks */,
				81E9B9061568296B0000D10C /* Foundation.framework in Frameworks */,
				81E9B9081568296B0000D10C /* CoreGraphics.framework in Frameworks */,
			);
			runOnlyForDeploymentPostprocessing = 0;
		};
/* End PBXFrameworksBuildPhase section */

/* Begin PBXGroup section */
		81E9B8F41568296B0000D10C = {
			isa = PBXGroup;
			children = (
				81E9B9091568296B0000D10C /* GotBooks */,
				81E9B9021568296B0000D10C /* Frameworks */,
				81E9B9001568296B0000D10C /* Products */,
			);
			sourceTree = "<group>";
		};
		81E9B9001568296B0000D10C /* Products */ = {
			isa = PBXGroup;
			children = (
				81E9B8FF1568296B0000D10C /* GotBooks.app */,
			);
			name = Products;
			sourceTree = "<group>";
		};
		81E9B9021568296B0000D10C /* Frameworks */ = {
			isa = PBXGroup;
			children = (
				81E9B9031568296B0000D10C /* UIKit.framework */,
				81E9B9051568296B0000D10C /* Foundation.framework */,
				81E9B9071568296B0000D10C /* CoreGraphics.framework */,
			);
			name = Frameworks;
			sourceTree = "<group>";
		};
		81E9B9091568296B0000D10C /* GotBooks */ = {
			isa = PBXGroup;
			children = (
				81E9B9121568296B0000D10C /* AppDelegate.h */,
				81E9B9131568296B0000D10C /* AppDelegate.m */,
				81E9B9151568296B0000D10C /* ViewController.h */,
				81E9B9161568296B0000D10C /* ViewController.m */,
				81E9B9181568296B0000D10C /* ViewController.xib */,
				81E9B90A1568296B0000D10C /* Supporting Files */,
			);
			path = GotBooks;
			sourceTree = "<group>";
		};
		81E9B90A1568296B0000D10C /* Supporting Files */ = {
			isa = PBXGroup;
			children = (
				81E9B92A156834670000D10C /* FBConnect20 */,
				81E9B920156830F70000D10C /* ArtWork */,
				81E9B90B1568296B0000D10C /* GotBooks-Info.plist */,
				81E9B90C1568296B0000D10C /* InfoPlist.strings */,
				81E9B90F1568296B0000D10C /* main.m */,
				81E9B9111568296B0000D10C /* GotBooks-Prefix.pch */,
			);
			name = "Supporting Files";
			sourceTree = "<group>";
		};
		81E9B920156830F70000D10C /* ArtWork */ = {
			isa = PBXGroup;
			children = (
				81E9B923156831890000D10C /* fbIcon.png */,
				81E9B921156830F70000D10C /* bookshelf.jpg */,
			);
			path = ArtWork;
			sourceTree = SOURCE_ROOT;
		};
		81E9B92A156834670000D10C /* FBConnect20 */ = {
			isa = PBXGroup;
			children = (
				81E9B956156835320000D10C /* FacebookManager.h */,
				81E9B957156835320000D10C /* FacebookManager.m */,
				81E9B92B156834670000D10C /* Facebook.h */,
				81E9B92C156834670000D10C /* Facebook.m */,
				81E9B92D156834670000D10C /* FBConnect.bundle */,
				81E9B92E156834670000D10C /* FBConnect.h */,
				81E9B92F156834670000D10C /* FBDialog+ShowInView.h */,
				81E9B930156834670000D10C /* FBDialog+ShowInView.m */,
				81E9B931156834670000D10C /* FBDialog.bundle */,
				81E9B932156834670000D10C /* FBDialog.h */,
				81E9B933156834670000D10C /* FBDialog.m */,
				81E9B934156834670000D10C /* FBFrictionlessRequestSettings.h */,
				81E9B935156834670000D10C /* FBFrictionlessRequestSettings.m */,
				81E9B936156834670000D10C /* FBLoginDialog.h */,
				81E9B937156834670000D10C /* FBLoginDialog.m */,
				81E9B938156834670000D10C /* FBRequest.h */,
				81E9B939156834670000D10C /* FBRequest.m */,
				81E9B93A156834670000D10C /* JSON */,
			);
			path = FBConnect20;
			sourceTree = SOURCE_ROOT;
		};
		81E9B93A156834670000D10C /* JSON */ = {
			isa = PBXGroup;
			children = (
				81E9B93B156834670000D10C /* JSON.h */,
				81E9B93C156834670000D10C /* NSObject+SBJSON.h */,
				81E9B93D156834670000D10C /* NSObject+SBJSON.m */,
				81E9B93E156834670000D10C /* NSString+SBJSON.h */,
				81E9B93F156834670000D10C /* NSString+SBJSON.m */,
				81E9B940156834670000D10C /* SBJSON.h */,
				81E9B941156834670000D10C /* SBJSON.m */,
				81E9B942156834670000D10C /* SBJsonBase.h */,
				81E9B943156834670000D10C /* SBJsonBase.m */,
				81E9B944156834670000D10C /* SBJsonParser.h */,
				81E9B945156834670000D10C /* SBJsonParser.m */,
				81E9B946156834670000D10C /* SBJsonWriter.h */,
				81E9B947156834670000D10C /* SBJsonWriter.m */,
			);
			path = JSON;
			sourceTree = "<group>";
		};
/* End PBXGroup section */

/* Begin PBXNativeTarget section */
		81E9B8FE1568296B0000D10C /* GotBooks */ = {
			isa = PBXNativeTarget;
			buildConfigurationList = 81E9B91D1568296B0000D10C /* Build configuration list for PBXNativeTarget "GotBooks" */;
			buildPhases = (
				81E9B8FB1568296B0000D10C /* Sources */,
				81E9B8FC1568296B0000D10C /* Frameworks */,
				81E9B8FD1568296B0000D10C /* Resources */,
			);
			buildRules = (
			);
			dependencies = (
			);
			name = GotBooks;
			productName = GotBooks;
			productReference = 81E9B8FF1568296B0000D10C /* GotBooks.app */;
			productType = "com.apple.product-type.application";
		};
/* End PBXNativeTarget section */

/* Begin PBXProject section */
		81E9B8F61568296B0000D10C /* Project object */ = {
			isa = PBXProject;
			attributes = {
				LastUpgradeCheck = 0430;
			};
			buildConfigurationList = 81E9B8F91568296B0000D10C /* Build configuration list for PBXProject "GotBooks" */;
			compatibilityVersion = "Xcode 3.2";
			developmentRegion = English;
			hasScannedForEncodings = 0;
			knownRegions = (
				en,
			);
			mainGroup = 81E9B8F41568296B0000D10C;
			productRefGroup = 81E9B9001568296B0000D10C /* Products */;
			projectDirPath = "";
			projectRoot = "";
			targets = (
				81E9B8FE1568296B0000D10C /* GotBooks */,
			);
		};
/* End PBXProject section */

/* Begin PBXResourcesBuildPhase section */
		81E9B8FD1568296B0000D10C /* Resources */ = {
			isa = PBXResourcesBuildPhase;
			buildActionMask = 2147483647;
			files = (
				81E9B90E1568296B0000D10C /* InfoPlist.strings in Resources */,
				81E9B91A1568296B0000D10C /* ViewController.xib in Resources */,
				81E9B922156830F70000D10C /* bookshelf.jpg in Resources */,
				81E9B924156831890000D10C /* fbIcon.png in Resources */,
				81E9B949156834670000D10C /* FBConnect.bundle in Resources */,
				81E9B94B156834670000D10C /* FBDialog.bundle in Resources */,
			);
			runOnlyForDeploymentPostprocessing = 0;
		};
/* End PBXResourcesBuildPhase section */

/* Begin PBXSourcesBuildPhase section */
		81E9B8FB1568296B0000D10C /* Sources */ = {
			isa = PBXSourcesBuildPhase;
			buildActionMask = 2147483647;
			files = (
				81E9B9101568296B0000D10C /* main.m in Sources */,
				81E9B9141568296B0000D10C /* AppDelegate.m in Sources */,
				81E9B9171568296B0000D10C /* ViewController.m in Sources */,
				81E9B948156834670000D10C /* Facebook.m in Sources */,
				81E9B94A156834670000D10C /* FBDialog+ShowInView.m in Sources */,
				81E9B94C156834670000D10C /* FBDialog.m in Sources */,
				81E9B94D156834670000D10C /* FBFrictionlessRequestSettings.m in Sources */,
				81E9B94E156834670000D10C /* FBLoginDialog.m in Sources */,
				81E9B94F156834670000D10C /* FBRequest.m in Sources */,
				81E9B950156834670000D10C /* NSObject+SBJSON.m in Sources */,
				81E9B951156834670000D10C /* NSString+SBJSON.m in Sources */,
				81E9B952156834670000D10C /* SBJSON.m in Sources */,
				81E9B953156834670000D10C /* SBJsonBase.m in Sources */,
				81E9B954156834670000D10C /* SBJsonParser.m in Sources */,
				81E9B955156834670000D10C /* SBJsonWriter.m in Sources */,
				81E9B958156835320000D10C /* FacebookManager.m in Sources */,
			);
			runOnlyForDeploymentPostprocessing = 0;
		};
/* End PBXSourcesBuildPhase section */

/* Begin PBXVariantGroup section */
		81E9B90C1568296B0000D10C /* InfoPlist.strings */ = {
			isa = PBXVariantGroup;
			children = (
				81E9B90D1568296B0000D10C /* en */,
			);
			name = InfoPlist.strings;
			sourceTree = "<group>";
		};
		81E9B9181568296B0000D10C /* ViewController.xib */ = {
			isa = PBXVariantGroup;
			children = (
				81E9B9191568296B0000D10C /* en */,
			);
			name = ViewController.xib;
			sourceTree = "<group>";
		};
/* End PBXVariantGroup section */

/* Begin XCBuildConfiguration section */
		81E9B91B1568296B0000D10C /* Debug */ = {
			isa = XCBuildConfiguration;
			buildSettings = {
				ALWAYS_SEARCH_USER_PATHS = NO;
				ARCHS = "$(ARCHS_STANDARD_32_BIT)";
				"CODE_SIGN_IDENTITY[sdk=iphoneos*]" = "iPhone Developer";
				COPY_PHASE_STRIP = NO;
				GCC_C_LANGUAGE_STANDARD = gnu99;
				GCC_DYNAMIC_NO_PIC = NO;
				GCC_OPTIMIZATION_LEVEL = 0;
				GCC_PREPROCESSOR_DEFINITIONS = (
					"DEBUG=1",
					"$(inherited)",
				);
				GCC_SYMBOLS_PRIVATE_EXTERN = NO;
				GCC_VERSION = com.apple.compilers.llvm.clang.1_0;
				GCC_WARN_ABOUT_RETURN_TYPE = YES;
				GCC_WARN_UNINITIALIZED_AUTOS = YES;
				GCC_WARN_UNUSED_VARIABLE = YES;
				IPHONEOS_DEPLOYMENT_TARGET = 5.1;
				SDKROOT = iphoneos;
				TARGETED_DEVICE_FAMILY = 2;
			};
			name = Debug;
		};
		81E9B91C1568296B0000D10C /* Release */ = {
			isa = XCBuildConfiguration;
			buildSettings = {
				ALWAYS_SEARCH_USER_PATHS = NO;
				ARCHS = "$(ARCHS_STANDARD_32_BIT)";
				"CODE_SIGN_IDENTITY[sdk=iphoneos*]" = "iPhone Developer";
				COPY_PHASE_STRIP = YES;
				GCC_C_LANGUAGE_STANDARD = gnu99;
				GCC_VERSION = com.apple.compilers.llvm.clang.1_0;
				GCC_WARN_ABOUT_RETURN_TYPE = YES;
				GCC_WARN_UNINITIALIZED_AUTOS = YES;
				GCC_WARN_UNUSED_VARIABLE = YES;
				IPHONEOS_DEPLOYMENT_TARGET = 5.1;
				OTHER_CFLAGS = "-DNS_BLOCK_ASSERTIONS=1";
				SDKROOT = iphoneos;
				TARGETED_DEVICE_FAMILY = 2;
				VALIDATE_PRODUCT = YES;
			};
			name = Release;
		};
		81E9B91E1568296B0000D10C /* Debug */ = {
			isa = XCBuildConfiguration;
			buildSettings = {
				GCC_PRECOMPILE_PREFIX_HEADER = YES;
				GCC_PREFIX_HEADER = "GotBooks/GotBooks-Prefix.pch";
				INFOPLIST_FILE = "GotBooks/GotBooks-Info.plist";
				PRODUCT_NAME = "$(TARGET_NAME)";
				WRAPPER_EXTENSION = app;
			};
			name = Debug;
		};
		81E9B91F1568296B0000D10C /* Release */ = {
			isa = XCBuildConfiguration;
			buildSettings = {
				GCC_PRECOMPILE_PREFIX_HEADER = YES;
				GCC_PREFIX_HEADER = "GotBooks/GotBooks-Prefix.pch";
				INFOPLIST_FILE = "GotBooks/GotBooks-Info.plist";
				PRODUCT_NAME = "$(TARGET_NAME)";
				WRAPPER_EXTENSION = app;
			};
			name = Release;
		};
/* End XCBuildConfiguration section */

/* Begin XCConfigurationList section */
		81E9B8F91568296B0000D10C /* Build configuration list for PBXProject "GotBooks" */ = {
			isa = XCConfigurationList;
			buildConfigurations = (
				81E9B91B1568296B0000D10C /* Debug */,
				81E9B91C1568296B0000D10C /* Release */,
			);
			defaultConfigurationIsVisible = 0;
			defaultConfigurationName = Release;
		};
		81E9B91D1568296B0000D10C /* Build configuration list for PBXNativeTarget "GotBooks" */ = {
			isa = XCConfigurationList;
			buildConfigurations = (
				81E9B91E1568296B0000D10C /* Debug */,
				81E9B91F1568296B0000D10C /* Release */,
			);
			defaultConfigurationIsVisible = 0;
		};
/* End XCConfigurationList section */
	};
	rootObject = 81E9B8F61568296B0000D10C /* Project object */;
}
